{
  "nodes": {
    "nixpkgs": {
      "locked": {
        "lastModified": 1735488052,
        "narHash": "sha256-EYaJtjLImMXzYEf9h52hkuPolXqKG/cAJlCOba6emL0=",
        "owner": "nixos",
        "repo": "nixpkgs",
        "rev": "adaa9f280329b5f814e8dc83eceddd42b20f72f4",
        "type": "github"
      },
      "original": {
        "owner": "nixos",
        "ref": "nixos-unstable-small",
        "repo": "nixpkgs",
        "type": "github"
      }
    },
    "pyproject-nix": {
      "inputs": {
        "nixpkgs": [
          "nixpkgs"
        ]
      },
      "locked": {
        "lastModified": 1735521261,
        "narHash": "sha256-4jOhaOhq3m4wyLdlb/vJ0DUK/hy1V9a8pXqi+B6NFHI=",
        "owner": "pyproject-nix",
        "repo": "pyproject.nix",
        "rev": "ce627b48f04aa38e0a7c3a2d8111a82f08660043",
        "type": "github"
      },
      "original": {
        "owner": "pyproject-nix",
        "repo": "pyproject.nix",
        "type": "github"
      }
    },
    "root": {
      "inputs": {
        "nixpkgs": "nixpkgs",
        "pyproject-nix": "pyproject-nix"
      }
    }
  },
  "root": "root",
  "version": 7
}
