version = 1
requires-python = ">=3.12"

[[package]]
name = "arpeggio"
version = "2.0.0"
source = { registry = "https://pypi.org/simple" }
sdist = { url = "https://files.pythonhosted.org/packages/3d/ed/53c315e680fdf58818c0938f6c132df4342c95fc68977001244403fee476/Arpeggio-2.0.0.tar.gz", hash = "sha256:d6b03839019bb8a68785f9292ee6a36b1954eb84b925b84a6b8a5e1e26d3ed3d" }
wheels = [
    { url = "https://files.pythonhosted.org/packages/7a/b7/62898ef180bbfea60d28678040ddbb50e36c180d5c56e9cc62b7944c4623/Arpeggio-2.0.0-py2.py3-none-any.whl", hash = "sha256:448e332deb0e9ccd04046f1c6c14529d197f41bc2fdb3931e43fc209042fbdd3" },
]

[[package]]
name = "arpeggio"
version = "2.0.2"
source = { registry = "https://pypi.org/simple" }
sdist = { url = "https://files.pythonhosted.org/packages/12/c4/516bb54456f85ad1947702ea4cef543a59de66d31a9887dbc3d9df36e3e1/Arpeggio-2.0.2.tar.gz", hash = "sha256:c790b2b06e226d2dd468e4fbfb5b7f506cec66416031fde1441cf1de2a0ba700" }
wheels = [
    { url = "https://files.pythonhosted.org/packages/f7/4f/d28bf30a19d4649b40b501d531b44e73afada99044df100380fd9567e92f/Arpeggio-2.0.2-py2.py3-none-any.whl", hash = "sha256:f7c8ae4f4056a89e020c24c7202ac8df3e2bc84e416746f20b0da35bb1de0250" },
]

[[package]]
name = "root"
version = "0.1.0"
source = { editable = "." }

[package.dev-dependencies]
group-a = [
    { name = "arpeggio", version = "2.0.0" },
]
